{
  "name": "COP5556-Project",
  "lockfileVersion": 3,
  "requires": true,
  "packages": {
    "": {
      "dependencies": {
        "twr-wasm": "^2.5.0"
      }
    },
    "node_modules/twr-wasm": {
      "version": "2.5.0",
      "resolved": "https://registry.npmjs.org/twr-wasm/-/twr-wasm-2.5.0.tgz",
      "integrity": "sha512-KPhBsXHU98wlgLpLKk6Zvc3OR24jzhkm6hZZVZGiiFeraA4NbBFWkt0ephdvbEWRaSZYfGhRmegq5LAwEr55OQ==",
      "license": "MIT"
    }
  }
}
